
Microsoft Visual Studio Solution File, Format Version 12.00
# Visual Studio Version 16
VisualStudioVersion = 16.0.31727.386
MinimumVisualStudioVersion = 10.0.40219.1
Project("{9A19103F-16F7-4668-BE54-9A1E7A4F7556}") = "TShapedFoundation", "TShapedFoundation\TShapedFoundation.csproj", "{C065F170-2061-4054-84E7-C605EDCF6BBB}"
EndProject
Global
	GlobalSection(SolutionConfigurationPlatforms) = preSolution
		Debug|Any CPU = Debug|Any CPU
		Release|Any CPU = Release|Any CPU
	EndGlobalSection
	GlobalSection(ProjectConfigurationPlatforms) = postSolution
		{C065F170-2061-4054-84E7-C605EDCF6BBB}.Debug|Any CPU.ActiveCfg = Debug|Any CPU
		{C065F170-2061-4054-84E7-C605EDCF6BBB}.Debug|Any CPU.Build.0 = Debug|Any CPU
		{C065F170-2061-4054-84E7-C605EDCF6BBB}.Release|Any CPU.ActiveCfg = Release|Any CPU
		{C065F170-2061-4054-84E7-C605EDCF6BBB}.Release|Any CPU.Build.0 = Release|Any CPU
	EndGlobalSection
	GlobalSection(SolutionProperties) = preSolution
		HideSolutionNode = FALSE
	EndGlobalSection
	GlobalSection(ExtensibilityGlobals) = postSolution
		SolutionGuid = {7F054810-F51A-4B76-9CD8-57B7466B7FD5}
	EndGlobalSection
EndGlobal
